
Microsoft Visual Studio Solution File, Format Version 12.00
# Visual Studio 2013
VisualStudioVersion = 12.0.21005.1
MinimumVisualStudioVersion = 10.0.40219.1
Project("{F184B08F-C81C-45F6-A57F-5ABD9991F28F}") = "Summer2015", "Summer2015\Summer2015.vbproj", "{CA4619EA-B682-4522-A8DB-F63B218923DF}"
EndProject
Global
	GlobalSection(SolutionConfigurationPlatforms) = preSolution
		Debug|Any CPU = Debug|Any CPU
		Release|Any CPU = Release|Any CPU
	EndGlobalSection
	GlobalSection(ProjectConfigurationPlatforms) = postSolution
		{CA4619EA-B682-4522-A8DB-F63B218923DF}.Debug|Any CPU.ActiveCfg = Debug|Any CPU
		{CA4619EA-B682-4522-A8DB-F63B218923DF}.Debug|Any CPU.Build.0 = Debug|Any CPU
		{CA4619EA-B682-4522-A8DB-F63B218923DF}.Release|Any CPU.ActiveCfg = Release|Any CPU
		{CA4619EA-B682-4522-A8DB-F63B218923DF}.Release|Any CPU.Build.0 = Release|Any CPU
	EndGlobalSection
	GlobalSection(SolutionProperties) = preSolution
		HideSolutionNode = FALSE
	EndGlobalSection
EndGlobal
